
Microsoft Visual Studio Solution File, Format Version 12.00
# Visual Studio Version 17
VisualStudioVersion = 17.0.31903.59
MinimumVisualStudioVersion = 10.0.40219.1
Project("{2150E333-8FDC-42A3-9474-1A3956D46DE8}") = "src", "src", "{6D86132A-9FFF-4159-9216-AC68F4947E33}"
EndProject
Project("{FAE04EC0-301F-11D3-BF4B-00C04F79EFBC}") = "AuctionService", "src\AuctionService\AuctionService.csproj", "{9CBADB05-28D7-4A7A-8823-EC16A07BC7A8}"
EndProject
Project("{FAE04EC0-301F-11D3-BF4B-00C04F79EFBC}") = "SearchService", "src\SearchService\SearchService.csproj", "{9FDF1CF0-F42F-41C9-BC00-BDFC63057F74}"
EndProject
Project("{FAE04EC0-301F-11D3-BF4B-00C04F79EFBC}") = "Contracts", "src\Contracts\Contracts.csproj", "{2D9A5C99-BD56-4222-A736-06275086F4C9}"
EndProject
Project("{FAE04EC0-301F-11D3-BF4B-00C04F79EFBC}") = "IdentityService", "src\IdentityService\IdentityService.csproj", "{572DDC5A-DA25-4E2C-B978-67D0BC094003}"
EndProject
Global
	GlobalSection(SolutionConfigurationPlatforms) = preSolution
		Debug|Any CPU = Debug|Any CPU
		Release|Any CPU = Release|Any CPU
	EndGlobalSection
	GlobalSection(SolutionProperties) = preSolution
		HideSolutionNode = FALSE
	EndGlobalSection
	GlobalSection(ProjectConfigurationPlatforms) = postSolution
		{9CBADB05-28D7-4A7A-8823-EC16A07BC7A8}.Debug|Any CPU.ActiveCfg = Debug|Any CPU
		{9CBADB05-28D7-4A7A-8823-EC16A07BC7A8}.Debug|Any CPU.Build.0 = Debug|Any CPU
		{9CBADB05-28D7-4A7A-8823-EC16A07BC7A8}.Release|Any CPU.ActiveCfg = Release|Any CPU
		{9CBADB05-28D7-4A7A-8823-EC16A07BC7A8}.Release|Any CPU.Build.0 = Release|Any CPU
		{9FDF1CF0-F42F-41C9-BC00-BDFC63057F74}.Debug|Any CPU.ActiveCfg = Debug|Any CPU
		{9FDF1CF0-F42F-41C9-BC00-BDFC63057F74}.Debug|Any CPU.Build.0 = Debug|Any CPU
		{9FDF1CF0-F42F-41C9-BC00-BDFC63057F74}.Release|Any CPU.ActiveCfg = Release|Any CPU
		{9FDF1CF0-F42F-41C9-BC00-BDFC63057F74}.Release|Any CPU.Build.0 = Release|Any CPU
		{2D9A5C99-BD56-4222-A736-06275086F4C9}.Debug|Any CPU.ActiveCfg = Debug|Any CPU
		{2D9A5C99-BD56-4222-A736-06275086F4C9}.Debug|Any CPU.Build.0 = Debug|Any CPU
		{2D9A5C99-BD56-4222-A736-06275086F4C9}.Release|Any CPU.ActiveCfg = Release|Any CPU
		{2D9A5C99-BD56-4222-A736-06275086F4C9}.Release|Any CPU.Build.0 = Release|Any CPU
		{572DDC5A-DA25-4E2C-B978-67D0BC094003}.Debug|Any CPU.ActiveCfg = Debug|Any CPU
		{572DDC5A-DA25-4E2C-B978-67D0BC094003}.Debug|Any CPU.Build.0 = Debug|Any CPU
		{572DDC5A-DA25-4E2C-B978-67D0BC094003}.Release|Any CPU.ActiveCfg = Release|Any CPU
		{572DDC5A-DA25-4E2C-B978-67D0BC094003}.Release|Any CPU.Build.0 = Release|Any CPU
	EndGlobalSection
	GlobalSection(NestedProjects) = preSolution
		{9CBADB05-28D7-4A7A-8823-EC16A07BC7A8} = {6D86132A-9FFF-4159-9216-AC68F4947E33}
		{9FDF1CF0-F42F-41C9-BC00-BDFC63057F74} = {6D86132A-9FFF-4159-9216-AC68F4947E33}
		{2D9A5C99-BD56-4222-A736-06275086F4C9} = {6D86132A-9FFF-4159-9216-AC68F4947E33}
		{572DDC5A-DA25-4E2C-B978-67D0BC094003} = {6D86132A-9FFF-4159-9216-AC68F4947E33}
	EndGlobalSection
EndGlobal
